
Microsoft Visual Studio Solution File, Format Version 12.00
Project("{2150E333-8FDC-42A3-9474-1A3956D46DE8}") = "src", "src", "{5F2ACA52-0CE5-442C-910F-52F22B853828}"
EndProject
Project("{FAE04EC0-301F-11D3-BF4B-00C04F79EFBC}") = "CBS.Core", "src\CBS.Core\CBS.Core.csproj", "{0330F43B-D9D7-4FB2-9FE2-9E8E37779BBF}"
EndProject
Global
	GlobalSection(SolutionConfigurationPlatforms) = preSolution
		Debug|Any CPU = Debug|Any CPU
		Release|Any CPU = Release|Any CPU
	EndGlobalSection
	GlobalSection(NestedProjects) = preSolution
		{0330F43B-D9D7-4FB2-9FE2-9E8E37779BBF} = {5F2ACA52-0CE5-442C-910F-52F22B853828}
	EndGlobalSection
	GlobalSection(ProjectConfigurationPlatforms) = postSolution
		{0330F43B-D9D7-4FB2-9FE2-9E8E37779BBF}.Debug|Any CPU.ActiveCfg = Debug|Any CPU
		{0330F43B-D9D7-4FB2-9FE2-9E8E37779BBF}.Debug|Any CPU.Build.0 = Debug|Any CPU
		{0330F43B-D9D7-4FB2-9FE2-9E8E37779BBF}.Release|Any CPU.ActiveCfg = Release|Any CPU
		{0330F43B-D9D7-4FB2-9FE2-9E8E37779BBF}.Release|Any CPU.Build.0 = Release|Any CPU
	EndGlobalSection
EndGlobal
