
Microsoft Visual Studio Solution File, Format Version 12.00
Project("{2150E333-8FDC-42A3-9474-1A3956D46DE8}") = "src", "src", "{5F2ACA52-0CE5-442C-910F-52F22B853828}"
EndProject
Project("{FAE04EC0-301F-11D3-BF4B-00C04F79EFBC}") = "CBS.Core", "src\CBS.Core\CBS.Core.csproj", "{0330F43B-D9D7-4FB2-9FE2-9E8E37779BBF}"
EndProject
Project("{2150E333-8FDC-42A3-9474-1A3956D46DE8}") = "tests", "tests", "{0AB3BF05-4346-4AA6-1389-037BE0695223}"
EndProject
Project("{FAE04EC0-301F-11D3-BF4B-00C04F79EFBC}") = "CBS.Core.Tests", "tests\CBS.Core.Tests\CBS.Core.Tests.csproj", "{F275BD06-E766-4D3C-9E29-074FD454C8C2}"
EndProject
Project("{FAE04EC0-301F-11D3-BF4B-00C04F79EFBC}") = "CBS.Api", "src\CBS.Api\CBS.Api.csproj", "{6EE45EFB-9587-4208-AD1C-7D418DAE2B8A}"
EndProject
Project("{2150E333-8FDC-42A3-9474-1A3956D46DE8}") = "CBS.Infrastructure", "CBS.Infrastructure", "{1381A4B1-AEC4-C965-D705-BA05C6B0D7C5}"
EndProject
Project("{2150E333-8FDC-42A3-9474-1A3956D46DE8}") = "Data", "Data", "{84E5B52D-02FE-BD54-7DC8-0F0C6F10A5B2}"
EndProject
Project("{FAE04EC0-301F-11D3-BF4B-00C04F79EFBC}") = "CBS.Infrastructure.Data", "src\CBS.Infrastructure\Data\CBS.Infrastructure.Data.csproj", "{AEC4CAEE-67ED-4646-BEE8-9619D5EF2A4F}"
EndProject
Global
	GlobalSection(SolutionConfigurationPlatforms) = preSolution
		Debug|Any CPU = Debug|Any CPU
		Debug|x64 = Debug|x64
		Debug|x86 = Debug|x86
		Release|Any CPU = Release|Any CPU
		Release|x64 = Release|x64
		Release|x86 = Release|x86
	EndGlobalSection
	GlobalSection(ProjectConfigurationPlatforms) = postSolution
		{0330F43B-D9D7-4FB2-9FE2-9E8E37779BBF}.Debug|Any CPU.ActiveCfg = Debug|Any CPU
		{0330F43B-D9D7-4FB2-9FE2-9E8E37779BBF}.Debug|Any CPU.Build.0 = Debug|Any CPU
		{0330F43B-D9D7-4FB2-9FE2-9E8E37779BBF}.Debug|x64.ActiveCfg = Debug|Any CPU
		{0330F43B-D9D7-4FB2-9FE2-9E8E37779BBF}.Debug|x64.Build.0 = Debug|Any CPU
		{0330F43B-D9D7-4FB2-9FE2-9E8E37779BBF}.Debug|x86.ActiveCfg = Debug|Any CPU
		{0330F43B-D9D7-4FB2-9FE2-9E8E37779BBF}.Debug|x86.Build.0 = Debug|Any CPU
		{0330F43B-D9D7-4FB2-9FE2-9E8E37779BBF}.Release|Any CPU.ActiveCfg = Release|Any CPU
		{0330F43B-D9D7-4FB2-9FE2-9E8E37779BBF}.Release|Any CPU.Build.0 = Release|Any CPU
		{0330F43B-D9D7-4FB2-9FE2-9E8E37779BBF}.Release|x64.ActiveCfg = Release|Any CPU
		{0330F43B-D9D7-4FB2-9FE2-9E8E37779BBF}.Release|x64.Build.0 = Release|Any CPU
		{0330F43B-D9D7-4FB2-9FE2-9E8E37779BBF}.Release|x86.ActiveCfg = Release|Any CPU
		{0330F43B-D9D7-4FB2-9FE2-9E8E37779BBF}.Release|x86.Build.0 = Release|Any CPU
		{F275BD06-E766-4D3C-9E29-074FD454C8C2}.Debug|Any CPU.ActiveCfg = Debug|Any CPU
		{F275BD06-E766-4D3C-9E29-074FD454C8C2}.Debug|Any CPU.Build.0 = Debug|Any CPU
		{F275BD06-E766-4D3C-9E29-074FD454C8C2}.Debug|x64.ActiveCfg = Debug|Any CPU
		{F275BD06-E766-4D3C-9E29-074FD454C8C2}.Debug|x64.Build.0 = Debug|Any CPU
		{F275BD06-E766-4D3C-9E29-074FD454C8C2}.Debug|x86.ActiveCfg = Debug|Any CPU
		{F275BD06-E766-4D3C-9E29-074FD454C8C2}.Debug|x86.Build.0 = Debug|Any CPU
		{F275BD06-E766-4D3C-9E29-074FD454C8C2}.Release|Any CPU.ActiveCfg = Release|Any CPU
		{F275BD06-E766-4D3C-9E29-074FD454C8C2}.Release|Any CPU.Build.0 = Release|Any CPU
		{F275BD06-E766-4D3C-9E29-074FD454C8C2}.Release|x64.ActiveCfg = Release|Any CPU
		{F275BD06-E766-4D3C-9E29-074FD454C8C2}.Release|x64.Build.0 = Release|Any CPU
		{F275BD06-E766-4D3C-9E29-074FD454C8C2}.Release|x86.ActiveCfg = Release|Any CPU
		{F275BD06-E766-4D3C-9E29-074FD454C8C2}.Release|x86.Build.0 = Release|Any CPU
		{6EE45EFB-9587-4208-AD1C-7D418DAE2B8A}.Debug|Any CPU.ActiveCfg = Debug|Any CPU
		{6EE45EFB-9587-4208-AD1C-7D418DAE2B8A}.Debug|Any CPU.Build.0 = Debug|Any CPU
		{6EE45EFB-9587-4208-AD1C-7D418DAE2B8A}.Debug|x64.ActiveCfg = Debug|Any CPU
		{6EE45EFB-9587-4208-AD1C-7D418DAE2B8A}.Debug|x64.Build.0 = Debug|Any CPU
		{6EE45EFB-9587-4208-AD1C-7D418DAE2B8A}.Debug|x86.ActiveCfg = Debug|Any CPU
		{6EE45EFB-9587-4208-AD1C-7D418DAE2B8A}.Debug|x86.Build.0 = Debug|Any CPU
		{6EE45EFB-9587-4208-AD1C-7D418DAE2B8A}.Release|Any CPU.ActiveCfg = Release|Any CPU
		{6EE45EFB-9587-4208-AD1C-7D418DAE2B8A}.Release|Any CPU.Build.0 = Release|Any CPU
		{6EE45EFB-9587-4208-AD1C-7D418DAE2B8A}.Release|x64.ActiveCfg = Release|Any CPU
		{6EE45EFB-9587-4208-AD1C-7D418DAE2B8A}.Release|x64.Build.0 = Release|Any CPU
		{6EE45EFB-9587-4208-AD1C-7D418DAE2B8A}.Release|x86.ActiveCfg = Release|Any CPU
		{6EE45EFB-9587-4208-AD1C-7D418DAE2B8A}.Release|x86.Build.0 = Release|Any CPU
		{AEC4CAEE-67ED-4646-BEE8-9619D5EF2A4F}.Debug|Any CPU.ActiveCfg = Debug|Any CPU
		{AEC4CAEE-67ED-4646-BEE8-9619D5EF2A4F}.Debug|Any CPU.Build.0 = Debug|Any CPU
		{AEC4CAEE-67ED-4646-BEE8-9619D5EF2A4F}.Debug|x64.ActiveCfg = Debug|Any CPU
		{AEC4CAEE-67ED-4646-BEE8-9619D5EF2A4F}.Debug|x64.Build.0 = Debug|Any CPU
		{AEC4CAEE-67ED-4646-BEE8-9619D5EF2A4F}.Debug|x86.ActiveCfg = Debug|Any CPU
		{AEC4CAEE-67ED-4646-BEE8-9619D5EF2A4F}.Debug|x86.Build.0 = Debug|Any CPU
		{AEC4CAEE-67ED-4646-BEE8-9619D5EF2A4F}.Release|Any CPU.ActiveCfg = Release|Any CPU
		{AEC4CAEE-67ED-4646-BEE8-9619D5EF2A4F}.Release|Any CPU.Build.0 = Release|Any CPU
		{AEC4CAEE-67ED-4646-BEE8-9619D5EF2A4F}.Release|x64.ActiveCfg = Release|Any CPU
		{AEC4CAEE-67ED-4646-BEE8-9619D5EF2A4F}.Release|x64.Build.0 = Release|Any CPU
		{AEC4CAEE-67ED-4646-BEE8-9619D5EF2A4F}.Release|x86.ActiveCfg = Release|Any CPU
		{AEC4CAEE-67ED-4646-BEE8-9619D5EF2A4F}.Release|x86.Build.0 = Release|Any CPU
	EndGlobalSection
	GlobalSection(SolutionProperties) = preSolution
		HideSolutionNode = FALSE
	EndGlobalSection
	GlobalSection(NestedProjects) = preSolution
		{0330F43B-D9D7-4FB2-9FE2-9E8E37779BBF} = {5F2ACA52-0CE5-442C-910F-52F22B853828}
		{F275BD06-E766-4D3C-9E29-074FD454C8C2} = {0AB3BF05-4346-4AA6-1389-037BE0695223}
		{6EE45EFB-9587-4208-AD1C-7D418DAE2B8A} = {5F2ACA52-0CE5-442C-910F-52F22B853828}
		{1381A4B1-AEC4-C965-D705-BA05C6B0D7C5} = {5F2ACA52-0CE5-442C-910F-52F22B853828}
		{84E5B52D-02FE-BD54-7DC8-0F0C6F10A5B2} = {1381A4B1-AEC4-C965-D705-BA05C6B0D7C5}
		{AEC4CAEE-67ED-4646-BEE8-9619D5EF2A4F} = {84E5B52D-02FE-BD54-7DC8-0F0C6F10A5B2}
	EndGlobalSection
EndGlobal
